
Microsoft Visual Studio Solution File, Format Version 12.00
# Visual Studio Version 16
VisualStudioVersion = 16.0.32510.428
MinimumVisualStudioVersion = 10.0.40219.1
Project("{FAE04EC0-301F-11D3-BF4B-00C04F79EFBC}") = "WebApplication1", "WebApplication1\WebApplication1.csproj", "{8F142213-9E36-44DB-AAA4-615B1AB0CA89}"
EndProject
Global
	GlobalSection(SolutionConfigurationPlatforms) = preSolution
		Debug|Any CPU = Debug|Any CPU
		Release|Any CPU = Release|Any CPU
	EndGlobalSection
	GlobalSection(ProjectConfigurationPlatforms) = postSolution
		{8F142213-9E36-44DB-AAA4-615B1AB0CA89}.Debug|Any CPU.ActiveCfg = Debug|Any CPU
		{8F142213-9E36-44DB-AAA4-615B1AB0CA89}.Debug|Any CPU.Build.0 = Debug|Any CPU
		{8F142213-9E36-44DB-AAA4-615B1AB0CA89}.Release|Any CPU.ActiveCfg = Release|Any CPU
		{8F142213-9E36-44DB-AAA4-615B1AB0CA89}.Release|Any CPU.Build.0 = Release|Any CPU
	EndGlobalSection
	GlobalSection(SolutionProperties) = preSolution
		HideSolutionNode = FALSE
	EndGlobalSection
	GlobalSection(ExtensibilityGlobals) = postSolution
		SolutionGuid = {6670F81C-EA4F-47A0-9EDF-62B4BA01ACB7}
	EndGlobalSection
EndGlobal
