
Microsoft Visual Studio Solution File, Format Version 12.00
# Visual Studio Version 16
VisualStudioVersion = 16.0.32413.511
MinimumVisualStudioVersion = 10.0.40219.1
Project("{FAE04EC0-301F-11D3-BF4B-00C04F79EFBC}") = "Assignment 1", "Assignment 1\Assignment 1.csproj", "{C049C81A-222F-4638-9F11-90A8333900BE}"
EndProject
Global
	GlobalSection(SolutionConfigurationPlatforms) = preSolution
		Debug|Any CPU = Debug|Any CPU
		Release|Any CPU = Release|Any CPU
	EndGlobalSection
	GlobalSection(ProjectConfigurationPlatforms) = postSolution
		{C049C81A-222F-4638-9F11-90A8333900BE}.Debug|Any CPU.ActiveCfg = Debug|Any CPU
		{C049C81A-222F-4638-9F11-90A8333900BE}.Debug|Any CPU.Build.0 = Debug|Any CPU
		{C049C81A-222F-4638-9F11-90A8333900BE}.Release|Any CPU.ActiveCfg = Release|Any CPU
		{C049C81A-222F-4638-9F11-90A8333900BE}.Release|Any CPU.Build.0 = Release|Any CPU
	EndGlobalSection
	GlobalSection(SolutionProperties) = preSolution
		HideSolutionNode = FALSE
	EndGlobalSection
	GlobalSection(ExtensibilityGlobals) = postSolution
		SolutionGuid = {7C302EC2-A3C1-4F10-BE7E-E8D1E006B1B9}
	EndGlobalSection
EndGlobal
